
Microsoft Visual Studio Solution File, Format Version 12.00
# Visual Studio 14
VisualStudioVersion = 14.0.25420.1
MinimumVisualStudioVersion = 10.0.40219.1
Project("{8BC9CEB8-8B4A-11D0-8D11-00A0C91BC942}") = "baek7576_토마토", "baek\baek.vcxproj", "{9731216D-D27A-46A2-BC6B-FDD036784DD0}"
EndProject
Project("{8BC9CEB8-8B4A-11D0-8D11-00A0C91BC942}") = "baek2965", "baek2965\baek2965.vcxproj", "{789A4B58-E3DF-4D5E-A860-55869B094068}"
EndProject
Project("{8BC9CEB8-8B4A-11D0-8D11-00A0C91BC942}") = "baek2504_괄호의값", "baek2504\baek2504.vcxproj", "{6E3B1DEB-BC51-4440-A847-C5AB85B66155}"
EndProject
Project("{8BC9CEB8-8B4A-11D0-8D11-00A0C91BC942}") = "baek7576-other1", "baek7576-other1\baek7576-other1.vcxproj", "{316F4C47-58DF-482A-867D-0BFBB6B2E3D5}"
EndProject
Project("{8BC9CEB8-8B4A-11D0-8D11-00A0C91BC942}") = "baek1932", "baek1932\baek1932.vcxproj", "{19B261C6-9639-436A-BE33-71C3672C68B7}"
EndProject
Project("{8BC9CEB8-8B4A-11D0-8D11-00A0C91BC942}") = "baek1562", "baek1516\baek1516.vcxproj", "{4F6C8759-F21A-4BE9-8CFF-9C84250238D2}"
EndProject
Project("{8BC9CEB8-8B4A-11D0-8D11-00A0C91BC942}") = "baek1753", "baek1753\baek1753.vcxproj", "{7943684B-9430-4130-BD09-58BDAB5182A5}"
EndProject
Project("{8BC9CEB8-8B4A-11D0-8D11-00A0C91BC942}") = "1753-memory-exceed", "1753-memory-exceed\1753-memory-exceed.vcxproj", "{F828FF30-5A1D-4EE3-935B-626C47B29F36}"
EndProject
Project("{8BC9CEB8-8B4A-11D0-8D11-00A0C91BC942}") = "beak11399", "11399\11399.vcxproj", "{786FA644-030B-4C54-B4C6-00DC28991917}"
EndProject
Project("{8BC9CEB8-8B4A-11D0-8D11-00A0C91BC942}") = "baek4963_섬의개수", "baek4963\baek4963.vcxproj", "{ED1FFF0E-9B28-482C-A8C9-3D642608F9C0}"
EndProject
Project("{8BC9CEB8-8B4A-11D0-8D11-00A0C91BC942}") = "baek2193_이친수", "baek2193이친수\baek2193이친수.vcxproj", "{1B505829-5C58-4D9E-A62C-98E257573FB3}"
EndProject
Project("{8BC9CEB8-8B4A-11D0-8D11-00A0C91BC942}") = "baek11650_좌표정렬하기", "baek11650\baek11650.vcxproj", "{F361613E-8A9D-41C7-9B33-7C77717B0BCC}"
EndProject
Project("{8BC9CEB8-8B4A-11D0-8D11-00A0C91BC942}") = "baek14501_퇴사", "baek14501\baek14501.vcxproj", "{2D55BA39-B573-42B1-A9FF-5ACB635DD1F5}"
EndProject
Project("{8BC9CEB8-8B4A-11D0-8D11-00A0C91BC942}") = "baek2293", "baek2293\baek2293.vcxproj", "{02757286-7B5A-4CF1-A512-DB73D39E1FAD}"
EndProject
Project("{8BC9CEB8-8B4A-11D0-8D11-00A0C91BC942}") = "baek1748_수이어쓰기1", "baek1748_수이어쓰기1\baek1748_수이어쓰기1.vcxproj", "{9752BD64-B302-446E-9E74-F012799C08AE}"
EndProject
Project("{8BC9CEB8-8B4A-11D0-8D11-00A0C91BC942}") = "baek1790_수이어쓰기2", "baek1790\baek1790.vcxproj", "{2A7913B5-DBB3-4F70-9D17-66950E10252B}"
EndProject
Project("{8BC9CEB8-8B4A-11D0-8D11-00A0C91BC942}") = "baek0000", "baek0000\baek0000.vcxproj", "{851384E5-4320-40EE-985E-F12C287CF637}"
EndProject
Project("{8BC9CEB8-8B4A-11D0-8D11-00A0C91BC942}") = "baek1463_1로만들기", "baek1463_1로만들기\baek1463_1로만들기.vcxproj", "{25C923BF-9B14-4164-A420-500FF6C73343}"
EndProject
Project("{8BC9CEB8-8B4A-11D0-8D11-00A0C91BC942}") = "baek9663_N_Queen_Problem", "baek9663_N_Queen_Problem\baek9663_N_Queen_Problem.vcxproj", "{54FEF69C-C14B-42C2-A5D0-F8CE28445B3A}"
EndProject
Project("{8BC9CEB8-8B4A-11D0-8D11-00A0C91BC942}") = "kakaoprog_2_보행자천국", "kakaoprog_2_보행자천국\kakaoprog_2_보행자천국.vcxproj", "{E8FF9FEB-F62A-4BF5-9AF3-E45029F13E2E}"
EndProject
Project("{8BC9CEB8-8B4A-11D0-8D11-00A0C91BC942}") = "kakaoprog_2_보행자천국_mine", "kakaoprog_2_보행자천국_mine\kakaoprog_2_보행자천국_mine.vcxproj", "{C2D01094-E65C-4E75-9F27-ABDCD4B9E7D7}"
EndProject
Project("{8BC9CEB8-8B4A-11D0-8D11-00A0C91BC942}") = "baek2580_스도쿠", "baek2580_스도쿠\baek2580_스도쿠.vcxproj", "{FBD6DB95-541F-44A2-8EFD-29267470CE3B}"
EndProject
Project("{8BC9CEB8-8B4A-11D0-8D11-00A0C91BC942}") = "baek2661_좋은수열", "baek2661_좋은수열\baek2661_좋은수열.vcxproj", "{00515873-A9F8-4B6C-AA35-D7498631E572}"
EndProject
Project("{8BC9CEB8-8B4A-11D0-8D11-00A0C91BC942}") = "셀프넘버", "댑_2017_it융합경시대회\댑_2017_it융합경시대회.vcxproj", "{6CC5211A-0AEF-4ADB-A5D3-45F2E4A7F455}"
EndProject
Project("{8BC9CEB8-8B4A-11D0-8D11-00A0C91BC942}") = "baek2583", "baek2583\baek2583.vcxproj", "{8AE0159D-7116-45F9-A3AE-77C90FF8A1D5}"
EndProject
Project("{8BC9CEB8-8B4A-11D0-8D11-00A0C91BC942}") = "_BFS이해", "BFS이해\BFS이해.vcxproj", "{0E82123E-8447-493B-8B3B-05DAC5D71909}"
EndProject
Project("{8BC9CEB8-8B4A-11D0-8D11-00A0C91BC942}") = "_BFS이해_STL_QUE", "_BFS이해_STL_QUE\_BFS이해_STL_QUE.vcxproj", "{7328DABA-E512-4A5C-B174-A7A90D6B7CBF}"
EndProject
Project("{8BC9CEB8-8B4A-11D0-8D11-00A0C91BC942}") = "baek2589_보물섬", "baek2589_보물섬\baek2589_보물섬.vcxproj", "{361DBC87-14B5-4E98-BF6A-95C99C66DA20}"
EndProject
Global
	GlobalSection(SolutionConfigurationPlatforms) = preSolution
		Debug|x64 = Debug|x64
		Debug|x86 = Debug|x86
		Release|x64 = Release|x64
		Release|x86 = Release|x86
	EndGlobalSection
	GlobalSection(ProjectConfigurationPlatforms) = postSolution
		{9731216D-D27A-46A2-BC6B-FDD036784DD0}.Debug|x64.ActiveCfg = Debug|x64
		{9731216D-D27A-46A2-BC6B-FDD036784DD0}.Debug|x64.Build.0 = Debug|x64
		{9731216D-D27A-46A2-BC6B-FDD036784DD0}.Debug|x86.ActiveCfg = Debug|Win32
		{9731216D-D27A-46A2-BC6B-FDD036784DD0}.Debug|x86.Build.0 = Debug|Win32
		{9731216D-D27A-46A2-BC6B-FDD036784DD0}.Release|x64.ActiveCfg = Release|x64
		{9731216D-D27A-46A2-BC6B-FDD036784DD0}.Release|x64.Build.0 = Release|x64
		{9731216D-D27A-46A2-BC6B-FDD036784DD0}.Release|x86.ActiveCfg = Release|Win32
		{9731216D-D27A-46A2-BC6B-FDD036784DD0}.Release|x86.Build.0 = Release|Win32
		{789A4B58-E3DF-4D5E-A860-55869B094068}.Debug|x64.ActiveCfg = Debug|x64
		{789A4B58-E3DF-4D5E-A860-55869B094068}.Debug|x64.Build.0 = Debug|x64
		{789A4B58-E3DF-4D5E-A860-55869B094068}.Debug|x86.ActiveCfg = Debug|Win32
		{789A4B58-E3DF-4D5E-A860-55869B094068}.Debug|x86.Build.0 = Debug|Win32
		{789A4B58-E3DF-4D5E-A860-55869B094068}.Release|x64.ActiveCfg = Release|x64
		{789A4B58-E3DF-4D5E-A860-55869B094068}.Release|x64.Build.0 = Release|x64
		{789A4B58-E3DF-4D5E-A860-55869B094068}.Release|x86.ActiveCfg = Release|Win32
		{789A4B58-E3DF-4D5E-A860-55869B094068}.Release|x86.Build.0 = Release|Win32
		{6E3B1DEB-BC51-4440-A847-C5AB85B66155}.Debug|x64.ActiveCfg = Debug|x64
		{6E3B1DEB-BC51-4440-A847-C5AB85B66155}.Debug|x64.Build.0 = Debug|x64
		{6E3B1DEB-BC51-4440-A847-C5AB85B66155}.Debug|x86.ActiveCfg = Debug|Win32
		{6E3B1DEB-BC51-4440-A847-C5AB85B66155}.Debug|x86.Build.0 = Debug|Win32
		{6E3B1DEB-BC51-4440-A847-C5AB85B66155}.Release|x64.ActiveCfg = Release|x64
		{6E3B1DEB-BC51-4440-A847-C5AB85B66155}.Release|x64.Build.0 = Release|x64
		{6E3B1DEB-BC51-4440-A847-C5AB85B66155}.Release|x86.ActiveCfg = Release|Win32
		{6E3B1DEB-BC51-4440-A847-C5AB85B66155}.Release|x86.Build.0 = Release|Win32
		{316F4C47-58DF-482A-867D-0BFBB6B2E3D5}.Debug|x64.ActiveCfg = Debug|x64
		{316F4C47-58DF-482A-867D-0BFBB6B2E3D5}.Debug|x64.Build.0 = Debug|x64
		{316F4C47-58DF-482A-867D-0BFBB6B2E3D5}.Debug|x86.ActiveCfg = Debug|Win32
		{316F4C47-58DF-482A-867D-0BFBB6B2E3D5}.Debug|x86.Build.0 = Debug|Win32
		{316F4C47-58DF-482A-867D-0BFBB6B2E3D5}.Release|x64.ActiveCfg = Release|x64
		{316F4C47-58DF-482A-867D-0BFBB6B2E3D5}.Release|x64.Build.0 = Release|x64
		{316F4C47-58DF-482A-867D-0BFBB6B2E3D5}.Release|x86.ActiveCfg = Release|Win32
		{316F4C47-58DF-482A-867D-0BFBB6B2E3D5}.Release|x86.Build.0 = Release|Win32
		{19B261C6-9639-436A-BE33-71C3672C68B7}.Debug|x64.ActiveCfg = Debug|x64
		{19B261C6-9639-436A-BE33-71C3672C68B7}.Debug|x64.Build.0 = Debug|x64
		{19B261C6-9639-436A-BE33-71C3672C68B7}.Debug|x86.ActiveCfg = Debug|Win32
		{19B261C6-9639-436A-BE33-71C3672C68B7}.Debug|x86.Build.0 = Debug|Win32
		{19B261C6-9639-436A-BE33-71C3672C68B7}.Release|x64.ActiveCfg = Release|x64
		{19B261C6-9639-436A-BE33-71C3672C68B7}.Release|x64.Build.0 = Release|x64
		{19B261C6-9639-436A-BE33-71C3672C68B7}.Release|x86.ActiveCfg = Release|Win32
		{19B261C6-9639-436A-BE33-71C3672C68B7}.Release|x86.Build.0 = Release|Win32
		{4F6C8759-F21A-4BE9-8CFF-9C84250238D2}.Debug|x64.ActiveCfg = Debug|x64
		{4F6C8759-F21A-4BE9-8CFF-9C84250238D2}.Debug|x64.Build.0 = Debug|x64
		{4F6C8759-F21A-4BE9-8CFF-9C84250238D2}.Debug|x86.ActiveCfg = Debug|Win32
		{4F6C8759-F21A-4BE9-8CFF-9C84250238D2}.Debug|x86.Build.0 = Debug|Win32
		{4F6C8759-F21A-4BE9-8CFF-9C84250238D2}.Release|x64.ActiveCfg = Release|x64
		{4F6C8759-F21A-4BE9-8CFF-9C84250238D2}.Release|x64.Build.0 = Release|x64
		{4F6C8759-F21A-4BE9-8CFF-9C84250238D2}.Release|x86.ActiveCfg = Release|Win32
		{4F6C8759-F21A-4BE9-8CFF-9C84250238D2}.Release|x86.Build.0 = Release|Win32
		{7943684B-9430-4130-BD09-58BDAB5182A5}.Debug|x64.ActiveCfg = Debug|x64
		{7943684B-9430-4130-BD09-58BDAB5182A5}.Debug|x64.Build.0 = Debug|x64
		{7943684B-9430-4130-BD09-58BDAB5182A5}.Debug|x86.ActiveCfg = Debug|Win32
		{7943684B-9430-4130-BD09-58BDAB5182A5}.Debug|x86.Build.0 = Debug|Win32
		{7943684B-9430-4130-BD09-58BDAB5182A5}.Release|x64.ActiveCfg = Release|x64
		{7943684B-9430-4130-BD09-58BDAB5182A5}.Release|x64.Build.0 = Release|x64
		{7943684B-9430-4130-BD09-58BDAB5182A5}.Release|x86.ActiveCfg = Release|Win32
		{7943684B-9430-4130-BD09-58BDAB5182A5}.Release|x86.Build.0 = Release|Win32
		{F828FF30-5A1D-4EE3-935B-626C47B29F36}.Debug|x64.ActiveCfg = Debug|x64
		{F828FF30-5A1D-4EE3-935B-626C47B29F36}.Debug|x64.Build.0 = Debug|x64
		{F828FF30-5A1D-4EE3-935B-626C47B29F36}.Debug|x86.ActiveCfg = Debug|Win32
		{F828FF30-5A1D-4EE3-935B-626C47B29F36}.Debug|x86.Build.0 = Debug|Win32
		{F828FF30-5A1D-4EE3-935B-626C47B29F36}.Release|x64.ActiveCfg = Release|x64
		{F828FF30-5A1D-4EE3-935B-626C47B29F36}.Release|x64.Build.0 = Release|x64
		{F828FF30-5A1D-4EE3-935B-626C47B29F36}.Release|x86.ActiveCfg = Release|Win32
		{F828FF30-5A1D-4EE3-935B-626C47B29F36}.Release|x86.Build.0 = Release|Win32
		{786FA644-030B-4C54-B4C6-00DC28991917}.Debug|x64.ActiveCfg = Debug|x64
		{786FA644-030B-4C54-B4C6-00DC28991917}.Debug|x64.Build.0 = Debug|x64
		{786FA644-030B-4C54-B4C6-00DC28991917}.Debug|x86.ActiveCfg = Debug|Win32
		{786FA644-030B-4C54-B4C6-00DC28991917}.Debug|x86.Build.0 = Debug|Win32
		{786FA644-030B-4C54-B4C6-00DC28991917}.Release|x64.ActiveCfg = Release|x64
		{786FA644-030B-4C54-B4C6-00DC28991917}.Release|x64.Build.0 = Release|x64
		{786FA644-030B-4C54-B4C6-00DC28991917}.Release|x86.ActiveCfg = Release|Win32
		{786FA644-030B-4C54-B4C6-00DC28991917}.Release|x86.Build.0 = Release|Win32
		{ED1FFF0E-9B28-482C-A8C9-3D642608F9C0}.Debug|x64.ActiveCfg = Debug|x64
		{ED1FFF0E-9B28-482C-A8C9-3D642608F9C0}.Debug|x64.Build.0 = Debug|x64
		{ED1FFF0E-9B28-482C-A8C9-3D642608F9C0}.Debug|x86.ActiveCfg = Debug|Win32
		{ED1FFF0E-9B28-482C-A8C9-3D642608F9C0}.Debug|x86.Build.0 = Debug|Win32
		{ED1FFF0E-9B28-482C-A8C9-3D642608F9C0}.Release|x64.ActiveCfg = Release|x64
		{ED1FFF0E-9B28-482C-A8C9-3D642608F9C0}.Release|x64.Build.0 = Release|x64
		{ED1FFF0E-9B28-482C-A8C9-3D642608F9C0}.Release|x86.ActiveCfg = Release|Win32
		{ED1FFF0E-9B28-482C-A8C9-3D642608F9C0}.Release|x86.Build.0 = Release|Win32
		{1B505829-5C58-4D9E-A62C-98E257573FB3}.Debug|x64.ActiveCfg = Debug|x64
		{1B505829-5C58-4D9E-A62C-98E257573FB3}.Debug|x64.Build.0 = Debug|x64
		{1B505829-5C58-4D9E-A62C-98E257573FB3}.Debug|x86.ActiveCfg = Debug|Win32
		{1B505829-5C58-4D9E-A62C-98E257573FB3}.Debug|x86.Build.0 = Debug|Win32
		{1B505829-5C58-4D9E-A62C-98E257573FB3}.Release|x64.ActiveCfg = Release|x64
		{1B505829-5C58-4D9E-A62C-98E257573FB3}.Release|x64.Build.0 = Release|x64
		{1B505829-5C58-4D9E-A62C-98E257573FB3}.Release|x86.ActiveCfg = Release|Win32
		{1B505829-5C58-4D9E-A62C-98E257573FB3}.Release|x86.Build.0 = Release|Win32
		{F361613E-8A9D-41C7-9B33-7C77717B0BCC}.Debug|x64.ActiveCfg = Debug|x64
		{F361613E-8A9D-41C7-9B33-7C77717B0BCC}.Debug|x64.Build.0 = Debug|x64
		{F361613E-8A9D-41C7-9B33-7C77717B0BCC}.Debug|x86.ActiveCfg = Debug|Win32
		{F361613E-8A9D-41C7-9B33-7C77717B0BCC}.Debug|x86.Build.0 = Debug|Win32
		{F361613E-8A9D-41C7-9B33-7C77717B0BCC}.Release|x64.ActiveCfg = Release|x64
		{F361613E-8A9D-41C7-9B33-7C77717B0BCC}.Release|x64.Build.0 = Release|x64
		{F361613E-8A9D-41C7-9B33-7C77717B0BCC}.Release|x86.ActiveCfg = Release|Win32
		{F361613E-8A9D-41C7-9B33-7C77717B0BCC}.Release|x86.Build.0 = Release|Win32
		{2D55BA39-B573-42B1-A9FF-5ACB635DD1F5}.Debug|x64.ActiveCfg = Debug|x64
		{2D55BA39-B573-42B1-A9FF-5ACB635DD1F5}.Debug|x64.Build.0 = Debug|x64
		{2D55BA39-B573-42B1-A9FF-5ACB635DD1F5}.Debug|x86.ActiveCfg = Debug|Win32
		{2D55BA39-B573-42B1-A9FF-5ACB635DD1F5}.Debug|x86.Build.0 = Debug|Win32
		{2D55BA39-B573-42B1-A9FF-5ACB635DD1F5}.Release|x64.ActiveCfg = Release|x64
		{2D55BA39-B573-42B1-A9FF-5ACB635DD1F5}.Release|x64.Build.0 = Release|x64
		{2D55BA39-B573-42B1-A9FF-5ACB635DD1F5}.Release|x86.ActiveCfg = Release|Win32
		{2D55BA39-B573-42B1-A9FF-5ACB635DD1F5}.Release|x86.Build.0 = Release|Win32
		{02757286-7B5A-4CF1-A512-DB73D39E1FAD}.Debug|x64.ActiveCfg = Debug|x64
		{02757286-7B5A-4CF1-A512-DB73D39E1FAD}.Debug|x64.Build.0 = Debug|x64
		{02757286-7B5A-4CF1-A512-DB73D39E1FAD}.Debug|x86.ActiveCfg = Debug|Win32
		{02757286-7B5A-4CF1-A512-DB73D39E1FAD}.Debug|x86.Build.0 = Debug|Win32
		{02757286-7B5A-4CF1-A512-DB73D39E1FAD}.Release|x64.ActiveCfg = Release|x64
		{02757286-7B5A-4CF1-A512-DB73D39E1FAD}.Release|x64.Build.0 = Release|x64
		{02757286-7B5A-4CF1-A512-DB73D39E1FAD}.Release|x86.ActiveCfg = Release|Win32
		{02757286-7B5A-4CF1-A512-DB73D39E1FAD}.Release|x86.Build.0 = Release|Win32
		{9752BD64-B302-446E-9E74-F012799C08AE}.Debug|x64.ActiveCfg = Debug|x64
		{9752BD64-B302-446E-9E74-F012799C08AE}.Debug|x64.Build.0 = Debug|x64
		{9752BD64-B302-446E-9E74-F012799C08AE}.Debug|x86.ActiveCfg = Debug|Win32
		{9752BD64-B302-446E-9E74-F012799C08AE}.Debug|x86.Build.0 = Debug|Win32
		{9752BD64-B302-446E-9E74-F012799C08AE}.Release|x64.ActiveCfg = Release|x64
		{9752BD64-B302-446E-9E74-F012799C08AE}.Release|x64.Build.0 = Release|x64
		{9752BD64-B302-446E-9E74-F012799C08AE}.Release|x86.ActiveCfg = Release|Win32
		{9752BD64-B302-446E-9E74-F012799C08AE}.Release|x86.Build.0 = Release|Win32
		{2A7913B5-DBB3-4F70-9D17-66950E10252B}.Debug|x64.ActiveCfg = Debug|x64
		{2A7913B5-DBB3-4F70-9D17-66950E10252B}.Debug|x64.Build.0 = Debug|x64
		{2A7913B5-DBB3-4F70-9D17-66950E10252B}.Debug|x86.ActiveCfg = Debug|Win32
		{2A7913B5-DBB3-4F70-9D17-66950E10252B}.Debug|x86.Build.0 = Debug|Win32
		{2A7913B5-DBB3-4F70-9D17-66950E10252B}.Release|x64.ActiveCfg = Release|x64
		{2A7913B5-DBB3-4F70-9D17-66950E10252B}.Release|x64.Build.0 = Release|x64
		{2A7913B5-DBB3-4F70-9D17-66950E10252B}.Release|x86.ActiveCfg = Release|Win32
		{2A7913B5-DBB3-4F70-9D17-66950E10252B}.Release|x86.Build.0 = Release|Win32
		{851384E5-4320-40EE-985E-F12C287CF637}.Debug|x64.ActiveCfg = Debug|x64
		{851384E5-4320-40EE-985E-F12C287CF637}.Debug|x64.Build.0 = Debug|x64
		{851384E5-4320-40EE-985E-F12C287CF637}.Debug|x86.ActiveCfg = Debug|Win32
		{851384E5-4320-40EE-985E-F12C287CF637}.Debug|x86.Build.0 = Debug|Win32
		{851384E5-4320-40EE-985E-F12C287CF637}.Release|x64.ActiveCfg = Release|x64
		{851384E5-4320-40EE-985E-F12C287CF637}.Release|x64.Build.0 = Release|x64
		{851384E5-4320-40EE-985E-F12C287CF637}.Release|x86.ActiveCfg = Release|Win32
		{851384E5-4320-40EE-985E-F12C287CF637}.Release|x86.Build.0 = Release|Win32
		{25C923BF-9B14-4164-A420-500FF6C73343}.Debug|x64.ActiveCfg = Debug|x64
		{25C923BF-9B14-4164-A420-500FF6C73343}.Debug|x64.Build.0 = Debug|x64
		{25C923BF-9B14-4164-A420-500FF6C73343}.Debug|x86.ActiveCfg = Debug|Win32
		{25C923BF-9B14-4164-A420-500FF6C73343}.Debug|x86.Build.0 = Debug|Win32
		{25C923BF-9B14-4164-A420-500FF6C73343}.Release|x64.ActiveCfg = Release|x64
		{25C923BF-9B14-4164-A420-500FF6C73343}.Release|x64.Build.0 = Release|x64
		{25C923BF-9B14-4164-A420-500FF6C73343}.Release|x86.ActiveCfg = Release|Win32
		{25C923BF-9B14-4164-A420-500FF6C73343}.Release|x86.Build.0 = Release|Win32
		{54FEF69C-C14B-42C2-A5D0-F8CE28445B3A}.Debug|x64.ActiveCfg = Debug|x64
		{54FEF69C-C14B-42C2-A5D0-F8CE28445B3A}.Debug|x64.Build.0 = Debug|x64
		{54FEF69C-C14B-42C2-A5D0-F8CE28445B3A}.Debug|x86.ActiveCfg = Debug|Win32
		{54FEF69C-C14B-42C2-A5D0-F8CE28445B3A}.Debug|x86.Build.0 = Debug|Win32
		{54FEF69C-C14B-42C2-A5D0-F8CE28445B3A}.Release|x64.ActiveCfg = Release|x64
		{54FEF69C-C14B-42C2-A5D0-F8CE28445B3A}.Release|x64.Build.0 = Release|x64
		{54FEF69C-C14B-42C2-A5D0-F8CE28445B3A}.Release|x86.ActiveCfg = Release|Win32
		{54FEF69C-C14B-42C2-A5D0-F8CE28445B3A}.Release|x86.Build.0 = Release|Win32
		{E8FF9FEB-F62A-4BF5-9AF3-E45029F13E2E}.Debug|x64.ActiveCfg = Debug|x64
		{E8FF9FEB-F62A-4BF5-9AF3-E45029F13E2E}.Debug|x64.Build.0 = Debug|x64
		{E8FF9FEB-F62A-4BF5-9AF3-E45029F13E2E}.Debug|x86.ActiveCfg = Debug|Win32
		{E8FF9FEB-F62A-4BF5-9AF3-E45029F13E2E}.Debug|x86.Build.0 = Debug|Win32
		{E8FF9FEB-F62A-4BF5-9AF3-E45029F13E2E}.Release|x64.ActiveCfg = Release|x64
		{E8FF9FEB-F62A-4BF5-9AF3-E45029F13E2E}.Release|x64.Build.0 = Release|x64
		{E8FF9FEB-F62A-4BF5-9AF3-E45029F13E2E}.Release|x86.ActiveCfg = Release|Win32
		{E8FF9FEB-F62A-4BF5-9AF3-E45029F13E2E}.Release|x86.Build.0 = Release|Win32
		{C2D01094-E65C-4E75-9F27-ABDCD4B9E7D7}.Debug|x64.ActiveCfg = Debug|x64
		{C2D01094-E65C-4E75-9F27-ABDCD4B9E7D7}.Debug|x64.Build.0 = Debug|x64
		{C2D01094-E65C-4E75-9F27-ABDCD4B9E7D7}.Debug|x86.ActiveCfg = Debug|Win32
		{C2D01094-E65C-4E75-9F27-ABDCD4B9E7D7}.Debug|x86.Build.0 = Debug|Win32
		{C2D01094-E65C-4E75-9F27-ABDCD4B9E7D7}.Release|x64.ActiveCfg = Release|x64
		{C2D01094-E65C-4E75-9F27-ABDCD4B9E7D7}.Release|x64.Build.0 = Release|x64
		{C2D01094-E65C-4E75-9F27-ABDCD4B9E7D7}.Release|x86.ActiveCfg = Release|Win32
		{C2D01094-E65C-4E75-9F27-ABDCD4B9E7D7}.Release|x86.Build.0 = Release|Win32
		{FBD6DB95-541F-44A2-8EFD-29267470CE3B}.Debug|x64.ActiveCfg = Debug|x64
		{FBD6DB95-541F-44A2-8EFD-29267470CE3B}.Debug|x64.Build.0 = Debug|x64
		{FBD6DB95-541F-44A2-8EFD-29267470CE3B}.Debug|x86.ActiveCfg = Debug|Win32
		{FBD6DB95-541F-44A2-8EFD-29267470CE3B}.Debug|x86.Build.0 = Debug|Win32
		{FBD6DB95-541F-44A2-8EFD-29267470CE3B}.Release|x64.ActiveCfg = Release|x64
		{FBD6DB95-541F-44A2-8EFD-29267470CE3B}.Release|x64.Build.0 = Release|x64
		{FBD6DB95-541F-44A2-8EFD-29267470CE3B}.Release|x86.ActiveCfg = Release|Win32
		{FBD6DB95-541F-44A2-8EFD-29267470CE3B}.Release|x86.Build.0 = Release|Win32
		{00515873-A9F8-4B6C-AA35-D7498631E572}.Debug|x64.ActiveCfg = Debug|x64
		{00515873-A9F8-4B6C-AA35-D7498631E572}.Debug|x64.Build.0 = Debug|x64
		{00515873-A9F8-4B6C-AA35-D7498631E572}.Debug|x86.ActiveCfg = Debug|Win32
		{00515873-A9F8-4B6C-AA35-D7498631E572}.Debug|x86.Build.0 = Debug|Win32
		{00515873-A9F8-4B6C-AA35-D7498631E572}.Release|x64.ActiveCfg = Release|x64
		{00515873-A9F8-4B6C-AA35-D7498631E572}.Release|x64.Build.0 = Release|x64
		{00515873-A9F8-4B6C-AA35-D7498631E572}.Release|x86.ActiveCfg = Release|Win32
		{00515873-A9F8-4B6C-AA35-D7498631E572}.Release|x86.Build.0 = Release|Win32
		{6CC5211A-0AEF-4ADB-A5D3-45F2E4A7F455}.Debug|x64.ActiveCfg = Debug|x64
		{6CC5211A-0AEF-4ADB-A5D3-45F2E4A7F455}.Debug|x64.Build.0 = Debug|x64
		{6CC5211A-0AEF-4ADB-A5D3-45F2E4A7F455}.Debug|x86.ActiveCfg = Debug|Win32
		{6CC5211A-0AEF-4ADB-A5D3-45F2E4A7F455}.Debug|x86.Build.0 = Debug|Win32
		{6CC5211A-0AEF-4ADB-A5D3-45F2E4A7F455}.Release|x64.ActiveCfg = Release|x64
		{6CC5211A-0AEF-4ADB-A5D3-45F2E4A7F455}.Release|x64.Build.0 = Release|x64
		{6CC5211A-0AEF-4ADB-A5D3-45F2E4A7F455}.Release|x86.ActiveCfg = Release|Win32
		{6CC5211A-0AEF-4ADB-A5D3-45F2E4A7F455}.Release|x86.Build.0 = Release|Win32
		{8AE0159D-7116-45F9-A3AE-77C90FF8A1D5}.Debug|x64.ActiveCfg = Debug|x64
		{8AE0159D-7116-45F9-A3AE-77C90FF8A1D5}.Debug|x64.Build.0 = Debug|x64
		{8AE0159D-7116-45F9-A3AE-77C90FF8A1D5}.Debug|x86.ActiveCfg = Debug|Win32
		{8AE0159D-7116-45F9-A3AE-77C90FF8A1D5}.Debug|x86.Build.0 = Debug|Win32
		{8AE0159D-7116-45F9-A3AE-77C90FF8A1D5}.Release|x64.ActiveCfg = Release|x64
		{8AE0159D-7116-45F9-A3AE-77C90FF8A1D5}.Release|x64.Build.0 = Release|x64
		{8AE0159D-7116-45F9-A3AE-77C90FF8A1D5}.Release|x86.ActiveCfg = Release|Win32
		{8AE0159D-7116-45F9-A3AE-77C90FF8A1D5}.Release|x86.Build.0 = Release|Win32
		{0E82123E-8447-493B-8B3B-05DAC5D71909}.Debug|x64.ActiveCfg = Debug|x64
		{0E82123E-8447-493B-8B3B-05DAC5D71909}.Debug|x64.Build.0 = Debug|x64
		{0E82123E-8447-493B-8B3B-05DAC5D71909}.Debug|x86.ActiveCfg = Debug|Win32
		{0E82123E-8447-493B-8B3B-05DAC5D71909}.Debug|x86.Build.0 = Debug|Win32
		{0E82123E-8447-493B-8B3B-05DAC5D71909}.Release|x64.ActiveCfg = Release|x64
		{0E82123E-8447-493B-8B3B-05DAC5D71909}.Release|x64.Build.0 = Release|x64
		{0E82123E-8447-493B-8B3B-05DAC5D71909}.Release|x86.ActiveCfg = Release|Win32
		{0E82123E-8447-493B-8B3B-05DAC5D71909}.Release|x86.Build.0 = Release|Win32
		{7328DABA-E512-4A5C-B174-A7A90D6B7CBF}.Debug|x64.ActiveCfg = Debug|x64
		{7328DABA-E512-4A5C-B174-A7A90D6B7CBF}.Debug|x64.Build.0 = Debug|x64
		{7328DABA-E512-4A5C-B174-A7A90D6B7CBF}.Debug|x86.ActiveCfg = Debug|Win32
		{7328DABA-E512-4A5C-B174-A7A90D6B7CBF}.Debug|x86.Build.0 = Debug|Win32
		{7328DABA-E512-4A5C-B174-A7A90D6B7CBF}.Release|x64.ActiveCfg = Release|x64
		{7328DABA-E512-4A5C-B174-A7A90D6B7CBF}.Release|x64.Build.0 = Release|x64
		{7328DABA-E512-4A5C-B174-A7A90D6B7CBF}.Release|x86.ActiveCfg = Release|Win32
		{7328DABA-E512-4A5C-B174-A7A90D6B7CBF}.Release|x86.Build.0 = Release|Win32
		{361DBC87-14B5-4E98-BF6A-95C99C66DA20}.Debug|x64.ActiveCfg = Debug|x64
		{361DBC87-14B5-4E98-BF6A-95C99C66DA20}.Debug|x64.Build.0 = Debug|x64
		{361DBC87-14B5-4E98-BF6A-95C99C66DA20}.Debug|x86.ActiveCfg = Debug|Win32
		{361DBC87-14B5-4E98-BF6A-95C99C66DA20}.Debug|x86.Build.0 = Debug|Win32
		{361DBC87-14B5-4E98-BF6A-95C99C66DA20}.Release|x64.ActiveCfg = Release|x64
		{361DBC87-14B5-4E98-BF6A-95C99C66DA20}.Release|x64.Build.0 = Release|x64
		{361DBC87-14B5-4E98-BF6A-95C99C66DA20}.Release|x86.ActiveCfg = Release|Win32
		{361DBC87-14B5-4E98-BF6A-95C99C66DA20}.Release|x86.Build.0 = Release|Win32
	EndGlobalSection
	GlobalSection(SolutionProperties) = preSolution
		HideSolutionNode = FALSE
	EndGlobalSection
EndGlobal
